
Microsoft Visual Studio Solution File, Format Version 12.00
# Visual Studio Version 17
VisualStudioVersion = 17.14.36518.9 d17.14
MinimumVisualStudioVersion = 10.0.40219.1
Project("{FAE04EC0-301F-11D3-BF4B-00C04F79EFBC}") = "assignment", "assignment\assignment.csproj", "{99F30156-1F43-45D7-8297-58554CE88AFE}"
EndProject
Global
	GlobalSection(SolutionConfigurationPlatforms) = preSolution
		Debug|Any CPU = Debug|Any CPU
		Release|Any CPU = Release|Any CPU
	EndGlobalSection
	GlobalSection(ProjectConfigurationPlatforms) = postSolution
		{99F30156-1F43-45D7-8297-58554CE88AFE}.Debug|Any CPU.ActiveCfg = Debug|Any CPU
		{99F30156-1F43-45D7-8297-58554CE88AFE}.Debug|Any CPU.Build.0 = Debug|Any CPU
		{99F30156-1F43-45D7-8297-58554CE88AFE}.Release|Any CPU.ActiveCfg = Release|Any CPU
		{99F30156-1F43-45D7-8297-58554CE88AFE}.Release|Any CPU.Build.0 = Release|Any CPU
	EndGlobalSection
	GlobalSection(SolutionProperties) = preSolution
		HideSolutionNode = FALSE
	EndGlobalSection
	GlobalSection(ExtensibilityGlobals) = postSolution
		SolutionGuid = {309F5621-EA64-4DD5-AA4A-C0D1D0CEB0B7}
	EndGlobalSection
EndGlobal
